
Microsoft Visual Studio Solution File, Format Version 11.00
# Visual Studio 2010
Project("{911E67C6-3D85-4FCE-B560-20A9C3E3FF48}") = "Hajji system2", "Hajji system2.exe", "{87D6CE91-A789-4062-91DC-0D5F3691413D}"
	ProjectSection(DebuggerProjectSystem) = preProject
		PortSupplier = 00000000-0000-0000-0000-000000000000
		Executable = C:\Users\Pizza\Desktop\LUYANZI\Hajji system2\Hajji system2\Hajji system2.exe
		RemoteMachine = PIZZA-PC
		StartingDirectory = C:\Users\Pizza\Desktop\LUYANZI\Hajji system2\Hajji system2
		Environment = Default
		LaunchingEngine = 00000000-0000-0000-0000-000000000000
		LaunchSQLEngine = No
		AttachLaunchAction = No
	EndProjectSection
EndProject
Global
	GlobalSection(SolutionConfigurationPlatforms) = preSolution
		Debug|x86 = Debug|x86
	EndGlobalSection
	GlobalSection(ProjectConfigurationPlatforms) = postSolution
		{87D6CE91-A789-4062-91DC-0D5F3691413D}.Debug|x86.ActiveCfg = Debug|x86
	EndGlobalSection
	GlobalSection(SolutionProperties) = preSolution
		HideSolutionNode = FALSE
	EndGlobalSection
EndGlobal
