
Microsoft Visual Studio Solution File, Format Version 11.00
# Visual Studio 2010
Project("{911E67C6-3D85-4FCE-B560-20A9C3E3FF48}") = "hajji", "hajji.exe", "{783180A8-85EA-4E19-BB0B-67C4D51312EB}"
	ProjectSection(DebuggerProjectSystem) = preProject
		PortSupplier = 00000000-0000-0000-0000-000000000000
		Executable = C:\Users\Pizza\Desktop\LUYANZI\Hajji system2\Hajji system2\hajji\hajji.exe
		RemoteMachine = PIZZA-PC
		StartingDirectory = C:\Users\Pizza\Desktop\LUYANZI\Hajji system2\Hajji system2\hajji
		Environment = Default
		LaunchingEngine = 00000000-0000-0000-0000-000000000000
		LaunchSQLEngine = No
		AttachLaunchAction = No
	EndProjectSection
EndProject
Global
	GlobalSection(SolutionConfigurationPlatforms) = preSolution
		Debug|x86 = Debug|x86
	EndGlobalSection
	GlobalSection(ProjectConfigurationPlatforms) = postSolution
		{783180A8-85EA-4E19-BB0B-67C4D51312EB}.Debug|x86.ActiveCfg = Debug|x86
	EndGlobalSection
	GlobalSection(SolutionProperties) = preSolution
		HideSolutionNode = FALSE
	EndGlobalSection
EndGlobal
